
Microsoft Visual Studio Solution File, Format Version 12.00
# Visual Studio Version 17
VisualStudioVersion = 17.9.34723.18
MinimumVisualStudioVersion = 10.0.40219.1
Project("{FAE04EC0-301F-11D3-BF4B-00C04F79EFBC}") = "Bussiness", "Bussiness\Bussiness.csproj", "{D76178C7-37D5-4CEE-A167-4001B574A0E2}"
EndProject
Project("{FAE04EC0-301F-11D3-BF4B-00C04F79EFBC}") = "Core", "Core\Core.csproj", "{CCCEB958-206B-4528-9FB9-B8C8B57DAE77}"
EndProject
Project("{FAE04EC0-301F-11D3-BF4B-00C04F79EFBC}") = "DataAccess", "DataAccess\DataAccess.csproj", "{D7E8FE89-1906-4C44-B077-A0B81826E94E}"
EndProject
Project("{FAE04EC0-301F-11D3-BF4B-00C04F79EFBC}") = "Entities", "Entities\Entities.csproj", "{63D9E423-05EE-48AB-995F-6ACDD02A3D77}"
EndProject
Project("{FAE04EC0-301F-11D3-BF4B-00C04F79EFBC}") = "WebUI", "WebUI\WebUI.csproj", "{7EA926BC-E927-48E8-B6B8-A47632A1947E}"
EndProject
Global
	GlobalSection(SolutionConfigurationPlatforms) = preSolution
		Debug|Any CPU = Debug|Any CPU
		Release|Any CPU = Release|Any CPU
	EndGlobalSection
	GlobalSection(ProjectConfigurationPlatforms) = postSolution
		{D76178C7-37D5-4CEE-A167-4001B574A0E2}.Debug|Any CPU.ActiveCfg = Debug|Any CPU
		{D76178C7-37D5-4CEE-A167-4001B574A0E2}.Debug|Any CPU.Build.0 = Debug|Any CPU
		{D76178C7-37D5-4CEE-A167-4001B574A0E2}.Release|Any CPU.ActiveCfg = Release|Any CPU
		{D76178C7-37D5-4CEE-A167-4001B574A0E2}.Release|Any CPU.Build.0 = Release|Any CPU
		{CCCEB958-206B-4528-9FB9-B8C8B57DAE77}.Debug|Any CPU.ActiveCfg = Debug|Any CPU
		{CCCEB958-206B-4528-9FB9-B8C8B57DAE77}.Debug|Any CPU.Build.0 = Debug|Any CPU
		{CCCEB958-206B-4528-9FB9-B8C8B57DAE77}.Release|Any CPU.ActiveCfg = Release|Any CPU
		{CCCEB958-206B-4528-9FB9-B8C8B57DAE77}.Release|Any CPU.Build.0 = Release|Any CPU
		{D7E8FE89-1906-4C44-B077-A0B81826E94E}.Debug|Any CPU.ActiveCfg = Debug|Any CPU
		{D7E8FE89-1906-4C44-B077-A0B81826E94E}.Debug|Any CPU.Build.0 = Debug|Any CPU
		{D7E8FE89-1906-4C44-B077-A0B81826E94E}.Release|Any CPU.ActiveCfg = Release|Any CPU
		{D7E8FE89-1906-4C44-B077-A0B81826E94E}.Release|Any CPU.Build.0 = Release|Any CPU
		{63D9E423-05EE-48AB-995F-6ACDD02A3D77}.Debug|Any CPU.ActiveCfg = Debug|Any CPU
		{63D9E423-05EE-48AB-995F-6ACDD02A3D77}.Debug|Any CPU.Build.0 = Debug|Any CPU
		{63D9E423-05EE-48AB-995F-6ACDD02A3D77}.Release|Any CPU.ActiveCfg = Release|Any CPU
		{63D9E423-05EE-48AB-995F-6ACDD02A3D77}.Release|Any CPU.Build.0 = Release|Any CPU
		{7EA926BC-E927-48E8-B6B8-A47632A1947E}.Debug|Any CPU.ActiveCfg = Debug|Any CPU
		{7EA926BC-E927-48E8-B6B8-A47632A1947E}.Debug|Any CPU.Build.0 = Debug|Any CPU
		{7EA926BC-E927-48E8-B6B8-A47632A1947E}.Release|Any CPU.ActiveCfg = Release|Any CPU
		{7EA926BC-E927-48E8-B6B8-A47632A1947E}.Release|Any CPU.Build.0 = Release|Any CPU
	EndGlobalSection
	GlobalSection(SolutionProperties) = preSolution
		HideSolutionNode = FALSE
	EndGlobalSection
	GlobalSection(ExtensibilityGlobals) = postSolution
		SolutionGuid = {12ED21AD-3ECA-47D9-9EE2-05E5F3E1734F}
	EndGlobalSection
EndGlobal
